# This file was autogenerated by Stack.
# You should not edit this file by hand.
# For more information, please see the documentation at:
#   https://docs.haskellstack.org/en/stable/lock_files

packages:
- completed:
    hackage: safe-0.3.19@sha256:0910dafb8898f52bde4c646e560228a0fd08b1fca5457f222d2f5c0fad6d2039,2317
    pantry-tree:
      sha256: 40010636c24cebf3f3e29e9b3b8e6c35f249f5e5d253925433140bb0b4e3f891
      size: 564
  original:
    hackage: safe-0.3.19
snapshots:
- completed:
    sha256: 1d663bec402f77fa09fa3e8cf288c3c7eb18a1f28a5e0c331ac47adeacd21346
    size: 640034
    url: https://raw.githubusercontent.com/commercialhaskell/stackage-snapshots/master/lts/21/16.yaml
  original:
    url: https://raw.githubusercontent.com/commercialhaskell/stackage-snapshots/master/lts/21/16.yaml
